// !$*UTF8*$!
{
	archiveVersion = 1;
	classes = {
	};
	objectVersion = 50;
	objects = {

/* Begin PBXBuildFile section */
		F769D3F82242CFA800950A25 /* AppDelegate.swift in Sources */ = {isa = PBXBuildFile; fileRef = F769D3F72242CFA800950A25 /* AppDelegate.swift */; };
		F769D3FF2242CFAA00950A25 /* Assets.xcassets in Resources */ = {isa = PBXBuildFile; fileRef = F769D3FE2242CFAA00950A25 /* Assets.xcassets */; };
		F769D4102242D09800950A25 /* Post.swift in Sources */ = {isa = PBXBuildFile; fileRef = F769D40F2242D09800950A25 /* Post.swift */; };
		F769D4122242D14800950A25 /* PostController.swift in Sources */ = {isa = PBXBuildFile; fileRef = F769D4112242D14800950A25 /* PostController.swift */; };
		F769D4142242D15F00950A25 /* PostListTableViewController.swift in Sources */ = {isa = PBXBuildFile; fileRef = F769D4132242D15F00950A25 /* PostListTableViewController.swift */; };
		F769D4182242D1E500950A25 /* Main.storyboard in Resources */ = {isa = PBXBuildFile; fileRef = F769D4172242D1E500950A25 /* Main.storyboard */; };
		F769D41A2242D6FA00950A25 /* LaunchScreen.storyboard in Resources */ = {isa = PBXBuildFile; fileRef = F769D4192242D6FA00950A25 /* LaunchScreen.storyboard */; };
/* End PBXBuildFile section */

/* Begin PBXFileReference section */
		F769D3F42242CFA800950A25 /* WhyiOS.app */ = {isa = PBXFileReference; explicitFileType = wrapper.application; includeInIndex = 0; path = WhyiOS.app; sourceTree = BUILT_PRODUCTS_DIR; };
		F769D3F72242CFA800950A25 /* AppDelegate.swift */ = {isa = PBXFileReference; lastKnownFileType = sourcecode.swift; path = AppDelegate.swift; sourceTree = "<group>"; };
		F769D3FE2242CFAA00950A25 /* Assets.xcassets */ = {isa = PBXFileReference; lastKnownFileType = folder.assetcatalog; path = Assets.xcassets; sourceTree = "<group>"; };
		F769D4032242CFAA00950A25 /* Info.plist */ = {isa = PBXFileReference; lastKnownFileType = text.plist.xml; path = Info.plist; sourceTree = "<group>"; };
		F769D40F2242D09800950A25 /* Post.swift */ = {isa = PBXFileReference; lastKnownFileType = sourcecode.swift; path = Post.swift; sourceTree = "<group>"; };
		F769D4112242D14800950A25 /* PostController.swift */ = {isa = PBXFileReference; lastKnownFileType = sourcecode.swift; path = PostController.swift; sourceTree = "<group>"; };
		F769D4132242D15F00950A25 /* PostListTableViewController.swift */ = {isa = PBXFileReference; lastKnownFileType = sourcecode.swift; path = PostListTableViewController.swift; sourceTree = "<group>"; };
		F769D4172242D1E500950A25 /* Main.storyboard */ = {isa = PBXFileReference; lastKnownFileType = file.storyboard; path = Main.storyboard; sourceTree = "<group>"; };
		F769D4192242D6FA00950A25 /* LaunchScreen.storyboard */ = {isa = PBXFileReference; lastKnownFileType = file.storyboard; path = LaunchScreen.storyboard; sourceTree = "<group>"; };
/* End PBXFileReference section */

/* Begin PBXFrameworksBuildPhase section */
		F769D3F12242CFA800950A25 /* Frameworks */ = {
			isa = PBXFrameworksBuildPhase;
			buildActionMask = 2147483647;
			files = (
			);
			runOnlyForDeploymentPostprocessing = 0;
		};
/* End PBXFrameworksBuildPhase section */

/* Begin PBXGroup section */
		F769D3EB2242CFA800950A25 = {
			isa = PBXGroup;
			children = (
				F769D3F62242CFA800950A25 /* WhyiOS */,
				F769D3F52242CFA800950A25 /* Products */,
			);
			sourceTree = "<group>";
		};
		F769D3F52242CFA800950A25 /* Products */ = {
			isa = PBXGroup;
			children = (
				F769D3F42242CFA800950A25 /* WhyiOS.app */,
			);
			name = Products;
			sourceTree = "<group>";
		};
		F769D3F62242CFA800950A25 /* WhyiOS */ = {
			isa = PBXGroup;
			children = (
				F769D40E2242D03400950A25 /* Models */,
				F769D40B2242D02500950A25 /* Controllers */,
				F769D4092242CFC800950A25 /* Storyboards */,
				F769D40A2242CFCD00950A25 /* Resources */,
			);
			path = WhyiOS;
			sourceTree = "<group>";
		};
		F769D4092242CFC800950A25 /* Storyboards */ = {
			isa = PBXGroup;
			children = (
				F769D4172242D1E500950A25 /* Main.storyboard */,
			);
			path = Storyboards;
			sourceTree = "<group>";
		};
		F769D40A2242CFCD00950A25 /* Resources */ = {
			isa = PBXGroup;
			children = (
				F769D4192242D6FA00950A25 /* LaunchScreen.storyboard */,
				F769D3F72242CFA800950A25 /* AppDelegate.swift */,
				F769D3FE2242CFAA00950A25 /* Assets.xcassets */,
				F769D4032242CFAA00950A25 /* Info.plist */,
			);
			path = Resources;
			sourceTree = "<group>";
		};
		F769D40B2242D02500950A25 /* Controllers */ = {
			isa = PBXGroup;
			children = (
				F769D40D2242D03100950A25 /* ModelControllers */,
				F769D40C2242D02A00950A25 /* ViewControllers */,
			);
			path = Controllers;
			sourceTree = "<group>";
		};
		F769D40C2242D02A00950A25 /* ViewControllers */ = {
			isa = PBXGroup;
			children = (
				F769D4132242D15F00950A25 /* PostListTableViewController.swift */,
			);
			path = ViewControllers;
			sourceTree = "<group>";
		};
		F769D40D2242D03100950A25 /* ModelControllers */ = {
			isa = PBXGroup;
			children = (
				F769D4112242D14800950A25 /* PostController.swift */,
			);
			path = ModelControllers;
			sourceTree = "<group>";
		};
		F769D40E2242D03400950A25 /* Models */ = {
			isa = PBXGroup;
			children = (
				F769D40F2242D09800950A25 /* Post.swift */,
			);
			path = Models;
			sourceTree = "<group>";
		};
/* End PBXGroup section */

/* Begin PBXNativeTarget section */
		F769D3F32242CFA800950A25 /* WhyiOS */ = {
			isa = PBXNativeTarget;
			buildConfigurationList = F769D4062242CFAA00950A25 /* Build configuration list for PBXNativeTarget "WhyiOS" */;
			buildPhases = (
				F769D3F02242CFA800950A25 /* Sources */,
				F769D3F12242CFA800950A25 /* Frameworks */,
				F769D3F22242CFA800950A25 /* Resources */,
			);
			buildRules = (
			);
			dependencies = (
			);
			name = WhyiOS;
			productName = WhyiOS;
			productReference = F769D3F42242CFA800950A25 /* WhyiOS.app */;
			productType = "com.apple.product-type.application";
		};
/* End PBXNativeTarget section */

/* Begin PBXProject section */
		F769D3EC2242CFA800950A25 /* Project object */ = {
			isa = PBXProject;
			attributes = {
				LastSwiftUpdateCheck = 1010;
				LastUpgradeCheck = 1010;
				ORGANIZATIONNAME = "Rund LLC";
				TargetAttributes = {
					F769D3F32242CFA800950A25 = {
						CreatedOnToolsVersion = 10.1;
					};
				};
			};
			buildConfigurationList = F769D3EF2242CFA800950A25 /* Build configuration list for PBXProject "WhyiOS" */;
			compatibilityVersion = "Xcode 9.3";
			developmentRegion = en;
			hasScannedForEncodings = 0;
			knownRegions = (
				en,
				Base,
			);
			mainGroup = F769D3EB2242CFA800950A25;
			productRefGroup = F769D3F52242CFA800950A25 /* Products */;
			projectDirPath = "";
			projectRoot = "";
			targets = (
				F769D3F32242CFA800950A25 /* WhyiOS */,
			);
		};
/* End PBXProject section */

/* Begin PBXResourcesBuildPhase section */
		F769D3F22242CFA800950A25 /* Resources */ = {
			isa = PBXResourcesBuildPhase;
			buildActionMask = 2147483647;
			files = (
				F769D4182242D1E500950A25 /* Main.storyboard in Resources */,
				F769D41A2242D6FA00950A25 /* LaunchScreen.storyboard in Resources */,
				F769D3FF2242CFAA00950A25 /* Assets.xcassets in Resources */,
			);
			runOnlyForDeploymentPostprocessing = 0;
		};
/* End PBXResourcesBuildPhase section */

/* Begin PBXSourcesBuildPhase section */
		F769D3F02242CFA800950A25 /* Sources */ = {
			isa = PBXSourcesBuildPhase;
			buildActionMask = 2147483647;
			files = (
				F769D3F82242CFA800950A25 /* AppDelegate.swift in Sources */,
				F769D4102242D09800950A25 /* Post.swift in Sources */,
				F769D4122242D14800950A25 /* PostController.swift in Sources */,
				F769D4142242D15F00950A25 /* PostListTableViewController.swift in Sources */,
			);
			runOnlyForDeploymentPostprocessing = 0;
		};
/* End PBXSourcesBuildPhase section */

/* Begin XCBuildConfiguration section */
		F769D4042242CFAA00950A25 /* Debug */ = {
			isa = XCBuildConfiguration;
			buildSettings = {
				ALWAYS_SEARCH_USER_PATHS = NO;
				CLANG_ANALYZER_NONNULL = YES;
				CLANG_ANALYZER_NUMBER_OBJECT_CONVERSION = YES_AGGRESSIVE;
				CLANG_CXX_LANGUAGE_STANDARD = "gnu++14";
				CLANG_CXX_LIBRARY = "libc++";
				CLANG_ENABLE_MODULES = YES;
				CLANG_ENABLE_OBJC_ARC = YES;
				CLANG_ENABLE_OBJC_WEAK = YES;
				CLANG_WARN_BLOCK_CAPTURE_AUTORELEASING = YES;
				CLANG_WARN_BOOL_CONVERSION = YES;
				CLANG_WARN_COMMA = YES;
				CLANG_WARN_CONSTANT_CONVERSION = YES;
				CLANG_WARN_DEPRECATED_OBJC_IMPLEMENTATIONS = YES;
				CLANG_WARN_DIRECT_OBJC_ISA_USAGE = YES_ERROR;
				CLANG_WARN_DOCUMENTATION_COMMENTS = YES;
				CLANG_WARN_EMPTY_BODY = YES;
				CLANG_WARN_ENUM_CONVERSION = YES;
				CLANG_WARN_INFINITE_RECURSION = YES;
				CLANG_WARN_INT_CONVERSION = YES;
				CLANG_WARN_NON_LITERAL_NULL_CONVERSION = YES;
				CLANG_WARN_OBJC_IMPLICIT_RETAIN_SELF = YES;
				CLANG_WARN_OBJC_LITERAL_CONVERSION = YES;
				CLANG_WARN_OBJC_ROOT_CLASS = YES_ERROR;
				CLANG_WARN_RANGE_LOOP_ANALYSIS = YES;
				CLANG_WARN_STRICT_PROTOTYPES = YES;
				CLANG_WARN_SUSPICIOUS_MOVE = YES;
				CLANG_WARN_UNGUARDED_AVAILABILITY = YES_AGGRESSIVE;
				CLANG_WARN_UNREACHABLE_CODE = YES;
				CLANG_WARN__DUPLICATE_METHOD_MATCH = YES;
				CODE_SIGN_IDENTITY = "iPhone Developer";
				COPY_PHASE_STRIP = NO;
				DEBUG_INFORMATION_FORMAT = dwarf;
				ENABLE_STRICT_OBJC_MSGSEND = YES;
				ENABLE_TESTABILITY = YES;
				GCC_C_LANGUAGE_STANDARD = gnu11;
				GCC_DYNAMIC_NO_PIC = NO;
				GCC_NO_COMMON_BLOCKS = YES;
				GCC_OPTIMIZATION_LEVEL = 0;
				GCC_PREPROCESSOR_DEFINITIONS = (
					"DEBUG=1",
					"$(inherited)",
				);
				GCC_WARN_64_TO_32_BIT_CONVERSION = YES;
				GCC_WARN_ABOUT_RETURN_TYPE = YES_ERROR;
				GCC_WARN_UNDECLARED_SELECTOR = YES;
				GCC_WARN_UNINITIALIZED_AUTOS = YES_AGGRESSIVE;
				GCC_WARN_UNUSED_FUNCTION = YES;
				GCC_WARN_UNUSED_VARIABLE = YES;
				IPHONEOS_DEPLOYMENT_TARGET = 12.1;
				MTL_ENABLE_DEBUG_INFO = INCLUDE_SOURCE;
				MTL_FAST_MATH = YES;
				ONLY_ACTIVE_ARCH = YES;
				SDKROOT = iphoneos;
				SWIFT_ACTIVE_COMPILATION_CONDITIONS = DEBUG;
				SWIFT_OPTIMIZATION_LEVEL = "-Onone";
			};
			name = Debug;
		};
		F769D4052242CFAA00950A25 /* Release */ = {
			isa = XCBuildConfiguration;
			buildSettings = {
				ALWAYS_SEARCH_USER_PATHS = NO;
				CLANG_ANALYZER_NONNULL = YES;
				CLANG_ANALYZER_NUMBER_OBJECT_CONVERSION = YES_AGGRESSIVE;
				CLANG_CXX_LANGUAGE_STANDARD = "gnu++14";
				CLANG_CXX_LIBRARY = "libc++";
				CLANG_ENABLE_MODULES = YES;
				CLANG_ENABLE_OBJC_ARC = YES;
				CLANG_ENABLE_OBJC_WEAK = YES;
				CLANG_WARN_BLOCK_CAPTURE_AUTORELEASING = YES;
				CLANG_WARN_BOOL_CONVERSION = YES;
				CLANG_WARN_COMMA = YES;
				CLANG_WARN_CONSTANT_CONVERSION = YES;
				CLANG_WARN_DEPRECATED_OBJC_IMPLEMENTATIONS = YES;
				CLANG_WARN_DIRECT_OBJC_ISA_USAGE = YES_ERROR;
				CLANG_WARN_DOCUMENTATION_COMMENTS = YES;
				CLANG_WARN_EMPTY_BODY = YES;
				CLANG_WARN_ENUM_CONVERSION = YES;
				CLANG_WARN_INFINITE_RECURSION = YES;
				CLANG_WARN_INT_CONVERSION = YES;
				CLANG_WARN_NON_LITERAL_NULL_CONVERSION = YES;
				CLANG_WARN_OBJC_IMPLICIT_RETAIN_SELF = YES;
				CLANG_WARN_OBJC_LITERAL_CONVERSION = YES;
				CLANG_WARN_OBJC_ROOT_CLASS = YES_ERROR;
				CLANG_WARN_RANGE_LOOP_ANALYSIS = YES;
				CLANG_WARN_STRICT_PROTOTYPES = YES;
				CLANG_WARN_SUSPICIOUS_MOVE = YES;
				CLANG_WARN_UNGUARDED_AVAILABILITY = YES_AGGRESSIVE;
				CLANG_WARN_UNREACHABLE_CODE = YES;
				CLANG_WARN__DUPLICATE_METHOD_MATCH = YES;
				CODE_SIGN_IDENTITY = "iPhone Developer";
				COPY_PHASE_STRIP = NO;
				DEBUG_INFORMATION_FORMAT = "dwarf-with-dsym";
				ENABLE_NS_ASSERTIONS = NO;
				ENABLE_STRICT_OBJC_MSGSEND = YES;
				GCC_C_LANGUAGE_STANDARD = gnu11;
				GCC_NO_COMMON_BLOCKS = YES;
				GCC_WARN_64_TO_32_BIT_CONVERSION = YES;
				GCC_WARN_ABOUT_RETURN_TYPE = YES_ERROR;
				GCC_WARN_UNDECLARED_SELECTOR = YES;
				GCC_WARN_UNINITIALIZED_AUTOS = YES_AGGRESSIVE;
				GCC_WARN_UNUSED_FUNCTION = YES;
				GCC_WARN_UNUSED_VARIABLE = YES;
				IPHONEOS_DEPLOYMENT_TARGET = 12.1;
				MTL_ENABLE_DEBUG_INFO = NO;
				MTL_FAST_MATH = YES;
				SDKROOT = iphoneos;
				SWIFT_COMPILATION_MODE = wholemodule;
				SWIFT_OPTIMIZATION_LEVEL = "-O";
				VALIDATE_PRODUCT = YES;
			};
			name = Release;
		};
		F769D4072242CFAA00950A25 /* Debug */ = {
			isa = XCBuildConfiguration;
			buildSettings = {
				ASSETCATALOG_COMPILER_APPICON_NAME = AppIcon;
				CODE_SIGN_STYLE = Automatic;
				DEVELOPMENT_TEAM = Q89A379BUF;
				INFOPLIST_FILE = "$(SRCROOT)/WhyiOS/Resources/Info.plist";
				LD_RUNPATH_SEARCH_PATHS = (
					"$(inherited)",
					"@executable_path/Frameworks",
				);
				PRODUCT_BUNDLE_IDENTIFIER = "Erich-Kumpunen.WhyiOS";
				PRODUCT_NAME = "$(TARGET_NAME)";
				SWIFT_VERSION = 4.2;
				TARGETED_DEVICE_FAMILY = "1,2";
			};
			name = Debug;
		};
		F769D4082242CFAA00950A25 /* Release */ = {
			isa = XCBuildConfiguration;
			buildSettings = {
				ASSETCATALOG_COMPILER_APPICON_NAME = AppIcon;
				CODE_SIGN_STYLE = Automatic;
				DEVELOPMENT_TEAM = Q89A379BUF;
				INFOPLIST_FILE = "$(SRCROOT)/WhyiOS/Resources/Info.plist";
				LD_RUNPATH_SEARCH_PATHS = (
					"$(inherited)",
					"@executable_path/Frameworks",
				);
				PRODUCT_BUNDLE_IDENTIFIER = "Erich-Kumpunen.WhyiOS";
				PRODUCT_NAME = "$(TARGET_NAME)";
				SWIFT_VERSION = 4.2;
				TARGETED_DEVICE_FAMILY = "1,2";
			};
			name = Release;
		};
/* End XCBuildConfiguration section */

/* Begin XCConfigurationList section */
		F769D3EF2242CFA800950A25 /* Build configuration list for PBXProject "WhyiOS" */ = {
			isa = XCConfigurationList;
			buildConfigurations = (
				F769D4042242CFAA00950A25 /* Debug */,
				F769D4052242CFAA00950A25 /* Release */,
			);
			defaultConfigurationIsVisible = 0;
			defaultConfigurationName = Release;
		};
		F769D4062242CFAA00950A25 /* Build configuration list for PBXNativeTarget "WhyiOS" */ = {
			isa = XCConfigurationList;
			buildConfigurations = (
				F769D4072242CFAA00950A25 /* Debug */,
				F769D4082242CFAA00950A25 /* Release */,
			);
			defaultConfigurationIsVisible = 0;
			defaultConfigurationName = Release;
		};
/* End XCConfigurationList section */
	};
	rootObject = F769D3EC2242CFA800950A25 /* Project object */;
}
